
Microsoft Visual Studio Solution File, Format Version 12.00
# Visual Studio 14
VisualStudioVersion = 14.0.25420.1
MinimumVisualStudioVersion = 10.0.40219.1
Project("{FAE04EC0-301F-11D3-BF4B-00C04F79EFBC}") = "API", "API\API.csproj", "{39916B02-3FC7-4048-9A49-15497A2480DE}"
EndProject
Project("{FAE04EC0-301F-11D3-BF4B-00C04F79EFBC}") = "DataLayer", "DataLayer\DataLayer.csproj", "{4C3AEF1B-C5E9-440E-A678-59CF9A889696}"
EndProject
Project("{FAE04EC0-301F-11D3-BF4B-00C04F79EFBC}") = "WebApi", "WebApi\WebApi.csproj", "{0CDC2733-C41A-4D7A-B6B4-961ECC228732}"
EndProject
Global
	GlobalSection(SolutionConfigurationPlatforms) = preSolution
		Debug|Any CPU = Debug|Any CPU
		Release|Any CPU = Release|Any CPU
	EndGlobalSection
	GlobalSection(ProjectConfigurationPlatforms) = postSolution
		{39916B02-3FC7-4048-9A49-15497A2480DE}.Debug|Any CPU.ActiveCfg = Debug|Any CPU
		{39916B02-3FC7-4048-9A49-15497A2480DE}.Debug|Any CPU.Build.0 = Debug|Any CPU
		{39916B02-3FC7-4048-9A49-15497A2480DE}.Release|Any CPU.ActiveCfg = Release|Any CPU
		{39916B02-3FC7-4048-9A49-15497A2480DE}.Release|Any CPU.Build.0 = Release|Any CPU
		{4C3AEF1B-C5E9-440E-A678-59CF9A889696}.Debug|Any CPU.ActiveCfg = Debug|Any CPU
		{4C3AEF1B-C5E9-440E-A678-59CF9A889696}.Debug|Any CPU.Build.0 = Debug|Any CPU
		{4C3AEF1B-C5E9-440E-A678-59CF9A889696}.Release|Any CPU.ActiveCfg = Release|Any CPU
		{4C3AEF1B-C5E9-440E-A678-59CF9A889696}.Release|Any CPU.Build.0 = Release|Any CPU
		{0CDC2733-C41A-4D7A-B6B4-961ECC228732}.Debug|Any CPU.ActiveCfg = Debug|Any CPU
		{0CDC2733-C41A-4D7A-B6B4-961ECC228732}.Debug|Any CPU.Build.0 = Debug|Any CPU
		{0CDC2733-C41A-4D7A-B6B4-961ECC228732}.Release|Any CPU.ActiveCfg = Release|Any CPU
		{0CDC2733-C41A-4D7A-B6B4-961ECC228732}.Release|Any CPU.Build.0 = Release|Any CPU
	EndGlobalSection
	GlobalSection(SolutionProperties) = preSolution
		HideSolutionNode = FALSE
	EndGlobalSection
EndGlobal
